
Microsoft Visual Studio Solution File, Format Version 12.00
# Visual Studio Version 17
VisualStudioVersion = 17.4.33103.184
MinimumVisualStudioVersion = 10.0.40219.1
Project("{FAE04EC0-301F-11D3-BF4B-00C04F79EFBC}") = "Data_Grouping", "Data_Grouping\Data_Grouping.csproj", "{FA0D1837-3ABC-4EB5-8F91-CB4D08B77882}"
EndProject
Global
	GlobalSection(SolutionConfigurationPlatforms) = preSolution
		Debug|Any CPU = Debug|Any CPU
		Release|Any CPU = Release|Any CPU
	EndGlobalSection
	GlobalSection(ProjectConfigurationPlatforms) = postSolution
		{FA0D1837-3ABC-4EB5-8F91-CB4D08B77882}.Debug|Any CPU.ActiveCfg = Debug|Any CPU
		{FA0D1837-3ABC-4EB5-8F91-CB4D08B77882}.Debug|Any CPU.Build.0 = Debug|Any CPU
		{FA0D1837-3ABC-4EB5-8F91-CB4D08B77882}.Release|Any CPU.ActiveCfg = Release|Any CPU
		{FA0D1837-3ABC-4EB5-8F91-CB4D08B77882}.Release|Any CPU.Build.0 = Release|Any CPU
	EndGlobalSection
	GlobalSection(SolutionProperties) = preSolution
		HideSolutionNode = FALSE
	EndGlobalSection
	GlobalSection(ExtensibilityGlobals) = postSolution
		SolutionGuid = {AEB63212-BC75-4B21-AFB3-D52B36F6A94A}
	EndGlobalSection
EndGlobal
